// !$*UTF8*$!
{
	archiveVersion = 1;
	classes = {
	};
	objectVersion = 46;
	objects = {

/* Begin PBXBuildFile section */
		6A3F554E18222FB400217253 /* CTFeedbackCell.m in Sources */ = {isa = PBXBuildFile; fileRef = 6A3F554D18222FB400217253 /* CTFeedbackCell.m */; };
		6A3F554F18222FB400217253 /* CTFeedbackCell.m in Sources */ = {isa = PBXBuildFile; fileRef = 6A3F554D18222FB400217253 /* CTFeedbackCell.m */; };
		6A3F55521823243300217253 /* CTFeedbackTopicsViewController.m in Sources */ = {isa = PBXBuildFile; fileRef = 6A3F55511823243300217253 /* CTFeedbackTopicsViewController.m */; };
		6A3F55531823243300217253 /* CTFeedbackTopicsViewController.m in Sources */ = {isa = PBXBuildFile; fileRef = 6A3F55511823243300217253 /* CTFeedbackTopicsViewController.m */; };
		6A3F555518232A0600217253 /* MessageUI.framework in Frameworks */ = {isa = PBXBuildFile; fileRef = 6A3F555418232A0600217253 /* MessageUI.framework */; };
		6AEC61261821D17600B6DB37 /* Foundation.framework in Frameworks */ = {isa = PBXBuildFile; fileRef = 6AEC61251821D17600B6DB37 /* Foundation.framework */; };
		6AEC61281821D17600B6DB37 /* CoreGraphics.framework in Frameworks */ = {isa = PBXBuildFile; fileRef = 6AEC61271821D17600B6DB37 /* CoreGraphics.framework */; };
		6AEC612A1821D17600B6DB37 /* UIKit.framework in Frameworks */ = {isa = PBXBuildFile; fileRef = 6AEC61291821D17600B6DB37 /* UIKit.framework */; };
		6AEC61301821D17600B6DB37 /* InfoPlist.strings in Resources */ = {isa = PBXBuildFile; fileRef = 6AEC612E1821D17600B6DB37 /* InfoPlist.strings */; };
		6AEC61321821D17600B6DB37 /* main.m in Sources */ = {isa = PBXBuildFile; fileRef = 6AEC61311821D17600B6DB37 /* main.m */; };
		6AEC61361821D17600B6DB37 /* CTAppDelegate.m in Sources */ = {isa = PBXBuildFile; fileRef = 6AEC61351821D17600B6DB37 /* CTAppDelegate.m */; };
		6AEC61391821D17600B6DB37 /* Main_iPhone.storyboard in Resources */ = {isa = PBXBuildFile; fileRef = 6AEC61371821D17600B6DB37 /* Main_iPhone.storyboard */; };
		6AEC613C1821D17600B6DB37 /* Main_iPad.storyboard in Resources */ = {isa = PBXBuildFile; fileRef = 6AEC613A1821D17600B6DB37 /* Main_iPad.storyboard */; };
		6AEC613F1821D17600B6DB37 /* CTViewController.m in Sources */ = {isa = PBXBuildFile; fileRef = 6AEC613E1821D17600B6DB37 /* CTViewController.m */; };
		6AEC61411821D17600B6DB37 /* Images.xcassets in Resources */ = {isa = PBXBuildFile; fileRef = 6AEC61401821D17600B6DB37 /* Images.xcassets */; };
		6AEC61481821D17600B6DB37 /* XCTest.framework in Frameworks */ = {isa = PBXBuildFile; fileRef = 6AEC61471821D17600B6DB37 /* XCTest.framework */; };
		6AEC61491821D17600B6DB37 /* Foundation.framework in Frameworks */ = {isa = PBXBuildFile; fileRef = 6AEC61251821D17600B6DB37 /* Foundation.framework */; };
		6AEC614A1821D17600B6DB37 /* UIKit.framework in Frameworks */ = {isa = PBXBuildFile; fileRef = 6AEC61291821D17600B6DB37 /* UIKit.framework */; };
		6AEC61521821D17600B6DB37 /* InfoPlist.strings in Resources */ = {isa = PBXBuildFile; fileRef = 6AEC61501821D17600B6DB37 /* InfoPlist.strings */; };
		6AEC61541821D17600B6DB37 /* CTFeedbackDemoTests.m in Sources */ = {isa = PBXBuildFile; fileRef = 6AEC61531821D17600B6DB37 /* CTFeedbackDemoTests.m */; };
		6AEC61621821D19D00B6DB37 /* CTFeedbackViewController.m in Sources */ = {isa = PBXBuildFile; fileRef = 6AEC61601821D19D00B6DB37 /* CTFeedbackViewController.m */; };
		6AEC61631821D19D00B6DB37 /* CTFeedbackViewController.m in Sources */ = {isa = PBXBuildFile; fileRef = 6AEC61601821D19D00B6DB37 /* CTFeedbackViewController.m */; };
		6AEC61861821FBF800B6DB37 /* CTFeedbackLocalizable.strings in Resources */ = {isa = PBXBuildFile; fileRef = 6AEC61841821FBF800B6DB37 /* CTFeedbackLocalizable.strings */; };
		6AEC61871821FBF800B6DB37 /* CTFeedbackLocalizable.strings in Resources */ = {isa = PBXBuildFile; fileRef = 6AEC61841821FBF800B6DB37 /* CTFeedbackLocalizable.strings */; };
		CB8763551861E9398CFC8428 /* CTFeedbackCellItem.m in Sources */ = {isa = PBXBuildFile; fileRef = CB876438D25C52E9455F30EB /* CTFeedbackCellItem.m */; };
		CB876D012CED040B497A28CF /* CTFeedbackCellItem.m in Sources */ = {isa = PBXBuildFile; fileRef = CB876438D25C52E9455F30EB /* CTFeedbackCellItem.m */; };
		CB876FE09FF1D6E4370A491A /* NSBundle+CTFeedback.m in Sources */ = {isa = PBXBuildFile; fileRef = CB876691CB3B7AC00E58896D /* NSBundle+CTFeedback.m */; };
		CB876FF2E2DDFB54569C1BC8 /* NSBundle+CTFeedback.m in Sources */ = {isa = PBXBuildFile; fileRef = CB876691CB3B7AC00E58896D /* NSBundle+CTFeedback.m */; };
		F83DBCDB18F5C44300C0B601 /* PlatformNames.plist in Resources */ = {isa = PBXBuildFile; fileRef = F83DBCDA18F5C44300C0B601 /* PlatformNames.plist */; };
/* End PBXBuildFile section */

/* Begin PBXContainerItemProxy section */
		6AEC614B1821D17600B6DB37 /* PBXContainerItemProxy */ = {
			isa = PBXContainerItemProxy;
			containerPortal = 6AEC611A1821D17600B6DB37 /* Project object */;
			proxyType = 1;
			remoteGlobalIDString = 6AEC61211821D17600B6DB37;
			remoteInfo = CTFeedbackDemo;
		};
/* End PBXContainerItemProxy section */

/* Begin PBXFileReference section */
		133D3221195BE10D00E0D7C8 /* ko */ = {isa = PBXFileReference; lastKnownFileType = text.plist.strings; name = ko; path = ko.lproj/Main_iPhone.strings; sourceTree = "<group>"; };
		133D3222195BE10D00E0D7C8 /* ko */ = {isa = PBXFileReference; lastKnownFileType = text.plist.strings; name = ko; path = ko.lproj/Main_iPad.strings; sourceTree = "<group>"; };
		133D3223195BE10D00E0D7C8 /* ko */ = {isa = PBXFileReference; lastKnownFileType = text.plist.strings; name = ko; path = ko.lproj/CTFeedbackLocalizable.strings; sourceTree = "<group>"; };
		133D3224195BE10D00E0D7C8 /* ko */ = {isa = PBXFileReference; lastKnownFileType = text.plist.strings; name = ko; path = ko.lproj/InfoPlist.strings; sourceTree = "<group>"; };
		133D3225195BE10D00E0D7C8 /* ko */ = {isa = PBXFileReference; lastKnownFileType = text.plist.strings; name = ko; path = ko.lproj/InfoPlist.strings; sourceTree = "<group>"; };
		3DF043C01B7D2C1F00DF6316 /* da */ = {isa = PBXFileReference; lastKnownFileType = text.plist.strings; name = da; path = da.lproj/CTFeedbackLocalizable.strings; sourceTree = "<group>"; };
		577A222F19EE5F0500C7A0B2 /* ur */ = {isa = PBXFileReference; lastKnownFileType = text.plist.strings; name = ur; path = ur.lproj/Main_iPhone.strings; sourceTree = "<group>"; };
		577A223019EE5F0500C7A0B2 /* ur */ = {isa = PBXFileReference; lastKnownFileType = text.plist.strings; name = ur; path = ur.lproj/Main_iPad.strings; sourceTree = "<group>"; };
		577A223119EE5F0500C7A0B2 /* ur */ = {isa = PBXFileReference; lastKnownFileType = text.plist.strings; name = ur; path = ur.lproj/CTFeedbackLocalizable.strings; sourceTree = "<group>"; };
		577A223219EE5F0600C7A0B2 /* ur */ = {isa = PBXFileReference; lastKnownFileType = text.plist.strings; name = ur; path = ur.lproj/InfoPlist.strings; sourceTree = "<group>"; };
		577A223319EE5F0600C7A0B2 /* ur */ = {isa = PBXFileReference; lastKnownFileType = text.plist.strings; name = ur; path = ur.lproj/InfoPlist.strings; sourceTree = "<group>"; };
		6A3F554B1821FC2000217253 /* en */ = {isa = PBXFileReference; lastKnownFileType = text.plist.strings; name = en; path = en.lproj/CTFeedbackLocalizable.strings; sourceTree = "<group>"; };
		6A3F554C18222FB400217253 /* CTFeedbackCell.h */ = {isa = PBXFileReference; fileEncoding = 4; lastKnownFileType = sourcecode.c.h; path = CTFeedbackCell.h; sourceTree = "<group>"; };
		6A3F554D18222FB400217253 /* CTFeedbackCell.m */ = {isa = PBXFileReference; fileEncoding = 4; lastKnownFileType = sourcecode.c.objc; path = CTFeedbackCell.m; sourceTree = "<group>"; };
		6A3F55501823243300217253 /* CTFeedbackTopicsViewController.h */ = {isa = PBXFileReference; fileEncoding = 4; lastKnownFileType = sourcecode.c.h; path = CTFeedbackTopicsViewController.h; sourceTree = "<group>"; };
		6A3F55511823243300217253 /* CTFeedbackTopicsViewController.m */ = {isa = PBXFileReference; fileEncoding = 4; lastKnownFileType = sourcecode.c.objc; path = CTFeedbackTopicsViewController.m; sourceTree = "<group>"; };
		6A3F555418232A0600217253 /* MessageUI.framework */ = {isa = PBXFileReference; lastKnownFileType = wrapper.framework; name = MessageUI.framework; path = System/Library/Frameworks/MessageUI.framework; sourceTree = SDKROOT; };
		6A3F555618233AFA00217253 /* ja */ = {isa = PBXFileReference; lastKnownFileType = text.plist.strings; name = ja; path = ja.lproj/CTFeedbackLocalizable.strings; sourceTree = "<group>"; };
		6A3F5557182340D700217253 /* CTFeedback.podspec */ = {isa = PBXFileReference; lastKnownFileType = text; name = CTFeedback.podspec; path = ../CTFeedback.podspec; sourceTree = "<group>"; };
		6A3F55591825B2FA00217253 /* ru */ = {isa = PBXFileReference; lastKnownFileType = text.plist.strings; name = ru; path = ru.lproj/CTFeedbackLocalizable.strings; sourceTree = "<group>"; };
		6AEC61221821D17600B6DB37 /* CTFeedbackDemo.app */ = {isa = PBXFileReference; explicitFileType = wrapper.application; includeInIndex = 0; path = CTFeedbackDemo.app; sourceTree = BUILT_PRODUCTS_DIR; };
		6AEC61251821D17600B6DB37 /* Foundation.framework */ = {isa = PBXFileReference; lastKnownFileType = wrapper.framework; name = Foundation.framework; path = System/Library/Frameworks/Foundation.framework; sourceTree = SDKROOT; };
		6AEC61271821D17600B6DB37 /* CoreGraphics.framework */ = {isa = PBXFileReference; lastKnownFileType = wrapper.framework; name = CoreGraphics.framework; path = System/Library/Frameworks/CoreGraphics.framework; sourceTree = SDKROOT; };
		6AEC61291821D17600B6DB37 /* UIKit.framework */ = {isa = PBXFileReference; lastKnownFileType = wrapper.framework; name = UIKit.framework; path = System/Library/Frameworks/UIKit.framework; sourceTree = SDKROOT; };
		6AEC612D1821D17600B6DB37 /* CTFeedbackDemo-Info.plist */ = {isa = PBXFileReference; lastKnownFileType = text.plist.xml; path = "CTFeedbackDemo-Info.plist"; sourceTree = "<group>"; };
		6AEC612F1821D17600B6DB37 /* en */ = {isa = PBXFileReference; lastKnownFileType = text.plist.strings; name = en; path = en.lproj/InfoPlist.strings; sourceTree = "<group>"; };
		6AEC61311821D17600B6DB37 /* main.m */ = {isa = PBXFileReference; lastKnownFileType = sourcecode.c.objc; path = main.m; sourceTree = "<group>"; };
		6AEC61331821D17600B6DB37 /* CTFeedbackDemo-Prefix.pch */ = {isa = PBXFileReference; lastKnownFileType = sourcecode.c.h; path = "CTFeedbackDemo-Prefix.pch"; sourceTree = "<group>"; };
		6AEC61341821D17600B6DB37 /* CTAppDelegate.h */ = {isa = PBXFileReference; lastKnownFileType = sourcecode.c.h; path = CTAppDelegate.h; sourceTree = "<group>"; };
		6AEC61351821D17600B6DB37 /* CTAppDelegate.m */ = {isa = PBXFileReference; lastKnownFileType = sourcecode.c.objc; path = CTAppDelegate.m; sourceTree = "<group>"; };
		6AEC61381821D17600B6DB37 /* Base */ = {isa = PBXFileReference; lastKnownFileType = file.storyboard; name = Base; path = Base.lproj/Main_iPhone.storyboard; sourceTree = "<group>"; };
		6AEC613B1821D17600B6DB37 /* Base */ = {isa = PBXFileReference; lastKnownFileType = file.storyboard; name = Base; path = Base.lproj/Main_iPad.storyboard; sourceTree = "<group>"; };
		6AEC613D1821D17600B6DB37 /* CTViewController.h */ = {isa = PBXFileReference; lastKnownFileType = sourcecode.c.h; path = CTViewController.h; sourceTree = "<group>"; };
		6AEC613E1821D17600B6DB37 /* CTViewController.m */ = {isa = PBXFileReference; lastKnownFileType = sourcecode.c.objc; path = CTViewController.m; sourceTree = "<group>"; };
		6AEC61401821D17600B6DB37 /* Images.xcassets */ = {isa = PBXFileReference; lastKnownFileType = folder.assetcatalog; path = Images.xcassets; sourceTree = "<group>"; };
		6AEC61461821D17600B6DB37 /* CTFeedbackDemoTests.xctest */ = {isa = PBXFileReference; explicitFileType = wrapper.cfbundle; includeInIndex = 0; path = CTFeedbackDemoTests.xctest; sourceTree = BUILT_PRODUCTS_DIR; };
		6AEC61471821D17600B6DB37 /* XCTest.framework */ = {isa = PBXFileReference; lastKnownFileType = wrapper.framework; name = XCTest.framework; path = Library/Frameworks/XCTest.framework; sourceTree = DEVELOPER_DIR; };
		6AEC614F1821D17600B6DB37 /* CTFeedbackDemoTests-Info.plist */ = {isa = PBXFileReference; lastKnownFileType = text.plist.xml; path = "CTFeedbackDemoTests-Info.plist"; sourceTree = "<group>"; };
		6AEC61511821D17600B6DB37 /* en */ = {isa = PBXFileReference; lastKnownFileType = text.plist.strings; name = en; path = en.lproj/InfoPlist.strings; sourceTree = "<group>"; };
		6AEC61531821D17600B6DB37 /* CTFeedbackDemoTests.m */ = {isa = PBXFileReference; lastKnownFileType = sourcecode.c.objc; path = CTFeedbackDemoTests.m; sourceTree = "<group>"; };
		6AEC615F1821D19D00B6DB37 /* CTFeedbackViewController.h */ = {isa = PBXFileReference; fileEncoding = 4; lastKnownFileType = sourcecode.c.h; path = CTFeedbackViewController.h; sourceTree = "<group>"; };
		6AEC61601821D19D00B6DB37 /* CTFeedbackViewController.m */ = {isa = PBXFileReference; fileEncoding = 4; lastKnownFileType = sourcecode.c.objc; path = CTFeedbackViewController.m; sourceTree = "<group>"; };
		6AEC61641821D7DD00B6DB37 /* LICENSE */ = {isa = PBXFileReference; lastKnownFileType = text; name = LICENSE; path = ../LICENSE; sourceTree = "<group>"; };
		6AEC61651821D7DD00B6DB37 /* README.md */ = {isa = PBXFileReference; lastKnownFileType = text; name = README.md; path = ../README.md; sourceTree = "<group>"; };
		6AEC61851821FBF800B6DB37 /* Base */ = {isa = PBXFileReference; lastKnownFileType = text.plist.strings; name = Base; path = Base.lproj/CTFeedbackLocalizable.strings; sourceTree = "<group>"; };
		6AEE428F189A10FB009C0138 /* zh-Hant */ = {isa = PBXFileReference; lastKnownFileType = text.plist.strings; name = "zh-Hant"; path = "zh-Hant.lproj/CTFeedbackLocalizable.strings"; sourceTree = "<group>"; };
		788BC1F218AF8A8E0071B37C /* de */ = {isa = PBXFileReference; lastKnownFileType = text.plist.strings; name = de; path = de.lproj/CTFeedbackLocalizable.strings; sourceTree = "<group>"; };
		CB876438D25C52E9455F30EB /* CTFeedbackCellItem.m */ = {isa = PBXFileReference; fileEncoding = 4; lastKnownFileType = sourcecode.c.objc; path = CTFeedbackCellItem.m; sourceTree = "<group>"; };
		CB876691CB3B7AC00E58896D /* NSBundle+CTFeedback.m */ = {isa = PBXFileReference; fileEncoding = 4; lastKnownFileType = sourcecode.c.objc; path = "NSBundle+CTFeedback.m"; sourceTree = "<group>"; };
		CB8767F3272405CCC42F1755 /* CTFeedbackCellItem.h */ = {isa = PBXFileReference; fileEncoding = 4; lastKnownFileType = sourcecode.c.h; path = CTFeedbackCellItem.h; sourceTree = "<group>"; };
		CB876BD696F2B66A829AA415 /* NSBundle+CTFeedback.h */ = {isa = PBXFileReference; fileEncoding = 4; lastKnownFileType = sourcecode.c.h; path = "NSBundle+CTFeedback.h"; sourceTree = "<group>"; };
		D16DCD50183C8D300025189E /* zh-Hans */ = {isa = PBXFileReference; lastKnownFileType = text.plist.strings; name = "zh-Hans"; path = "zh-Hans.lproj/CTFeedbackLocalizable.strings"; sourceTree = "<group>"; };
		EF0827E71A39E87300A6BDE3 /* bs */ = {isa = PBXFileReference; lastKnownFileType = text.plist.strings; name = bs; path = bs.lproj/CTFeedbackLocalizable.strings; sourceTree = "<group>"; };
		EF0827E81A39E8C700A6BDE3 /* hr-HR */ = {isa = PBXFileReference; lastKnownFileType = text.plist.strings; name = "hr-HR"; path = "hr-HR.lproj/CTFeedbackLocalizable.strings"; sourceTree = "<group>"; };
		EF0827E91A39E97700A6BDE3 /* sr */ = {isa = PBXFileReference; lastKnownFileType = text.plist.strings; name = sr; path = sr.lproj/CTFeedbackLocalizable.strings; sourceTree = "<group>"; };
		F83DBCDA18F5C44300C0B601 /* PlatformNames.plist */ = {isa = PBXFileReference; fileEncoding = 4; lastKnownFileType = text.plist.xml; path = PlatformNames.plist; sourceTree = "<group>"; };
/* End PBXFileReference section */

/* Begin PBXFrameworksBuildPhase section */
		6AEC611F1821D17600B6DB37 /* Frameworks */ = {
			isa = PBXFrameworksBuildPhase;
			buildActionMask = 2147483647;
			files = (
				6A3F555518232A0600217253 /* MessageUI.framework in Frameworks */,
				6AEC61281821D17600B6DB37 /* CoreGraphics.framework in Frameworks */,
				6AEC612A1821D17600B6DB37 /* UIKit.framework in Frameworks */,
				6AEC61261821D17600B6DB37 /* Foundation.framework in Frameworks */,
			);
			runOnlyForDeploymentPostprocessing = 0;
		};
		6AEC61431821D17600B6DB37 /* Frameworks */ = {
			isa = PBXFrameworksBuildPhase;
			buildActionMask = 2147483647;
			files = (
				6AEC61481821D17600B6DB37 /* XCTest.framework in Frameworks */,
				6AEC614A1821D17600B6DB37 /* UIKit.framework in Frameworks */,
				6AEC61491821D17600B6DB37 /* Foundation.framework in Frameworks */,
			);
			runOnlyForDeploymentPostprocessing = 0;
		};
/* End PBXFrameworksBuildPhase section */

/* Begin PBXGroup section */
		6AEC61191821D17600B6DB37 = {
			isa = PBXGroup;
			children = (
				6A3F5557182340D700217253 /* CTFeedback.podspec */,
				6AEC615D1821D18D00B6DB37 /* CTFeedback */,
				6AEC612B1821D17600B6DB37 /* CTFeedbackDemo */,
				6AEC614D1821D17600B6DB37 /* CTFeedbackDemoTests */,
				6AEC61241821D17600B6DB37 /* Frameworks */,
				6AEC61231821D17600B6DB37 /* Products */,
			);
			sourceTree = "<group>";
		};
		6AEC61231821D17600B6DB37 /* Products */ = {
			isa = PBXGroup;
			children = (
				6AEC61221821D17600B6DB37 /* CTFeedbackDemo.app */,
				6AEC61461821D17600B6DB37 /* CTFeedbackDemoTests.xctest */,
			);
			name = Products;
			sourceTree = "<group>";
		};
		6AEC61241821D17600B6DB37 /* Frameworks */ = {
			isa = PBXGroup;
			children = (
				6A3F555418232A0600217253 /* MessageUI.framework */,
				6AEC61251821D17600B6DB37 /* Foundation.framework */,
				6AEC61271821D17600B6DB37 /* CoreGraphics.framework */,
				6AEC61291821D17600B6DB37 /* UIKit.framework */,
				6AEC61471821D17600B6DB37 /* XCTest.framework */,
			);
			name = Frameworks;
			sourceTree = "<group>";
		};
		6AEC612B1821D17600B6DB37 /* CTFeedbackDemo */ = {
			isa = PBXGroup;
			children = (
				6AEC61341821D17600B6DB37 /* CTAppDelegate.h */,
				6AEC61351821D17600B6DB37 /* CTAppDelegate.m */,
				6AEC61371821D17600B6DB37 /* Main_iPhone.storyboard */,
				6AEC613A1821D17600B6DB37 /* Main_iPad.storyboard */,
				6AEC613D1821D17600B6DB37 /* CTViewController.h */,
				6AEC613E1821D17600B6DB37 /* CTViewController.m */,
				6AEC61401821D17600B6DB37 /* Images.xcassets */,
				6AEC612C1821D17600B6DB37 /* Supporting Files */,
			);
			path = CTFeedbackDemo;
			sourceTree = "<group>";
		};
		6AEC612C1821D17600B6DB37 /* Supporting Files */ = {
			isa = PBXGroup;
			children = (
				6AEC612D1821D17600B6DB37 /* CTFeedbackDemo-Info.plist */,
				6AEC612E1821D17600B6DB37 /* InfoPlist.strings */,
				6AEC61311821D17600B6DB37 /* main.m */,
				6AEC61331821D17600B6DB37 /* CTFeedbackDemo-Prefix.pch */,
			);
			name = "Supporting Files";
			sourceTree = "<group>";
		};
		6AEC614D1821D17600B6DB37 /* CTFeedbackDemoTests */ = {
			isa = PBXGroup;
			children = (
				6AEC61531821D17600B6DB37 /* CTFeedbackDemoTests.m */,
				6AEC614E1821D17600B6DB37 /* Supporting Files */,
			);
			path = CTFeedbackDemoTests;
			sourceTree = "<group>";
		};
		6AEC614E1821D17600B6DB37 /* Supporting Files */ = {
			isa = PBXGroup;
			children = (
				6AEC614F1821D17600B6DB37 /* CTFeedbackDemoTests-Info.plist */,
				6AEC61501821D17600B6DB37 /* InfoPlist.strings */,
			);
			name = "Supporting Files";
			sourceTree = "<group>";
		};
		6AEC615D1821D18D00B6DB37 /* CTFeedback */ = {
			isa = PBXGroup;
			children = (
				6AEC615E1821D19D00B6DB37 /* Classes */,
				6AEC61611821D19D00B6DB37 /* Resources */,
				6AEC61641821D7DD00B6DB37 /* LICENSE */,
				6AEC61651821D7DD00B6DB37 /* README.md */,
			);
			name = CTFeedback;
			sourceTree = "<group>";
		};
		6AEC615E1821D19D00B6DB37 /* Classes */ = {
			isa = PBXGroup;
			children = (
				6AEC615F1821D19D00B6DB37 /* CTFeedbackViewController.h */,
				6AEC61601821D19D00B6DB37 /* CTFeedbackViewController.m */,
				6A3F554C18222FB400217253 /* CTFeedbackCell.h */,
				6A3F554D18222FB400217253 /* CTFeedbackCell.m */,
				CB876438D25C52E9455F30EB /* CTFeedbackCellItem.m */,
				CB8767F3272405CCC42F1755 /* CTFeedbackCellItem.h */,
				6A3F55501823243300217253 /* CTFeedbackTopicsViewController.h */,
				6A3F55511823243300217253 /* CTFeedbackTopicsViewController.m */,
				CB876691CB3B7AC00E58896D /* NSBundle+CTFeedback.m */,
				CB876BD696F2B66A829AA415 /* NSBundle+CTFeedback.h */,
			);
			name = Classes;
			path = ../Classes;
			sourceTree = "<group>";
		};
		6AEC61611821D19D00B6DB37 /* Resources */ = {
			isa = PBXGroup;
			children = (
				F83DBCDA18F5C44300C0B601 /* PlatformNames.plist */,
				6AEC61841821FBF800B6DB37 /* CTFeedbackLocalizable.strings */,
			);
			name = Resources;
			path = ../Resources;
			sourceTree = "<group>";
		};
/* End PBXGroup section */

/* Begin PBXNativeTarget section */
		6AEC61211821D17600B6DB37 /* CTFeedbackDemo */ = {
			isa = PBXNativeTarget;
			buildConfigurationList = 6AEC61571821D17600B6DB37 /* Build configuration list for PBXNativeTarget "CTFeedbackDemo" */;
			buildPhases = (
				6AEC611E1821D17600B6DB37 /* Sources */,
				6AEC611F1821D17600B6DB37 /* Frameworks */,
				6AEC61201821D17600B6DB37 /* Resources */,
			);
			buildRules = (
			);
			dependencies = (
			);
			name = CTFeedbackDemo;
			productName = CTFeedbackDemo;
			productReference = 6AEC61221821D17600B6DB37 /* CTFeedbackDemo.app */;
			productType = "com.apple.product-type.application";
		};
		6AEC61451821D17600B6DB37 /* CTFeedbackDemoTests */ = {
			isa = PBXNativeTarget;
			buildConfigurationList = 6AEC615A1821D17600B6DB37 /* Build configuration list for PBXNativeTarget "CTFeedbackDemoTests" */;
			buildPhases = (
				6AEC61421821D17600B6DB37 /* Sources */,
				6AEC61431821D17600B6DB37 /* Frameworks */,
				6AEC61441821D17600B6DB37 /* Resources */,
			);
			buildRules = (
			);
			dependencies = (
				6AEC614C1821D17600B6DB37 /* PBXTargetDependency */,
			);
			name = CTFeedbackDemoTests;
			productName = CTFeedbackDemoTests;
			productReference = 6AEC61461821D17600B6DB37 /* CTFeedbackDemoTests.xctest */;
			productType = "com.apple.product-type.bundle.unit-test";
		};
/* End PBXNativeTarget section */

/* Begin PBXProject section */
		6AEC611A1821D17600B6DB37 /* Project object */ = {
			isa = PBXProject;
			attributes = {
				CLASSPREFIX = CT;
				LastUpgradeCheck = 0500;
				ORGANIZATIONNAME = CAPH;
				TargetAttributes = {
					6AEC61451821D17600B6DB37 = {
						TestTargetID = 6AEC61211821D17600B6DB37;
					};
				};
			};
			buildConfigurationList = 6AEC611D1821D17600B6DB37 /* Build configuration list for PBXProject "CTFeedbackDemo" */;
			compatibilityVersion = "Xcode 3.2";
			developmentRegion = English;
			hasScannedForEncodings = 0;
			knownRegions = (
				en,
				Base,
				ja,
				ru,
				"zh-Hans",
				"zh-Hant",
				de,
				ko,
				ur,
				bs,
				"hr-HR",
				sr,
				da,
			);
			mainGroup = 6AEC61191821D17600B6DB37;
			productRefGroup = 6AEC61231821D17600B6DB37 /* Products */;
			projectDirPath = "";
			projectRoot = "";
			targets = (
				6AEC61211821D17600B6DB37 /* CTFeedbackDemo */,
				6AEC61451821D17600B6DB37 /* CTFeedbackDemoTests */,
			);
		};
/* End PBXProject section */

/* Begin PBXResourcesBuildPhase section */
		6AEC61201821D17600B6DB37 /* Resources */ = {
			isa = PBXResourcesBuildPhase;
			buildActionMask = 2147483647;
			files = (
				6AEC61861821FBF800B6DB37 /* CTFeedbackLocalizable.strings in Resources */,
				6AEC613C1821D17600B6DB37 /* Main_iPad.storyboard in Resources */,
				F83DBCDB18F5C44300C0B601 /* PlatformNames.plist in Resources */,
				6AEC61411821D17600B6DB37 /* Images.xcassets in Resources */,
				6AEC61391821D17600B6DB37 /* Main_iPhone.storyboard in Resources */,
				6AEC61301821D17600B6DB37 /* InfoPlist.strings in Resources */,
			);
			runOnlyForDeploymentPostprocessing = 0;
		};
		6AEC61441821D17600B6DB37 /* Resources */ = {
			isa = PBXResourcesBuildPhase;
			buildActionMask = 2147483647;
			files = (
				6AEC61521821D17600B6DB37 /* InfoPlist.strings in Resources */,
				6AEC61871821FBF800B6DB37 /* CTFeedbackLocalizable.strings in Resources */,
			);
			runOnlyForDeploymentPostprocessing = 0;
		};
/* End PBXResourcesBuildPhase section */

/* Begin PBXSourcesBuildPhase section */
		6AEC611E1821D17600B6DB37 /* Sources */ = {
			isa = PBXSourcesBuildPhase;
			buildActionMask = 2147483647;
			files = (
				6AEC61621821D19D00B6DB37 /* CTFeedbackViewController.m in Sources */,
				6AEC61321821D17600B6DB37 /* main.m in Sources */,
				6AEC61361821D17600B6DB37 /* CTAppDelegate.m in Sources */,
				6A3F55521823243300217253 /* CTFeedbackTopicsViewController.m in Sources */,
				6A3F554E18222FB400217253 /* CTFeedbackCell.m in Sources */,
				6AEC613F1821D17600B6DB37 /* CTViewController.m in Sources */,
				CB876D012CED040B497A28CF /* CTFeedbackCellItem.m in Sources */,
				CB876FE09FF1D6E4370A491A /* NSBundle+CTFeedback.m in Sources */,
			);
			runOnlyForDeploymentPostprocessing = 0;
		};
		6AEC61421821D17600B6DB37 /* Sources */ = {
			isa = PBXSourcesBuildPhase;
			buildActionMask = 2147483647;
			files = (
				6A3F554F18222FB400217253 /* CTFeedbackCell.m in Sources */,
				6AEC61631821D19D00B6DB37 /* CTFeedbackViewController.m in Sources */,
				6AEC61541821D17600B6DB37 /* CTFeedbackDemoTests.m in Sources */,
				6A3F55531823243300217253 /* CTFeedbackTopicsViewController.m in Sources */,
				CB8763551861E9398CFC8428 /* CTFeedbackCellItem.m in Sources */,
				CB876FF2E2DDFB54569C1BC8 /* NSBundle+CTFeedback.m in Sources */,
			);
			runOnlyForDeploymentPostprocessing = 0;
		};
/* End PBXSourcesBuildPhase section */

/* Begin PBXTargetDependency section */
		6AEC614C1821D17600B6DB37 /* PBXTargetDependency */ = {
			isa = PBXTargetDependency;
			target = 6AEC61211821D17600B6DB37 /* CTFeedbackDemo */;
			targetProxy = 6AEC614B1821D17600B6DB37 /* PBXContainerItemProxy */;
		};
/* End PBXTargetDependency section */

/* Begin PBXVariantGroup section */
		6AEC612E1821D17600B6DB37 /* InfoPlist.strings */ = {
			isa = PBXVariantGroup;
			children = (
				6AEC612F1821D17600B6DB37 /* en */,
				133D3224195BE10D00E0D7C8 /* ko */,
				577A223219EE5F0600C7A0B2 /* ur */,
			);
			name = InfoPlist.strings;
			sourceTree = "<group>";
		};
		6AEC61371821D17600B6DB37 /* Main_iPhone.storyboard */ = {
			isa = PBXVariantGroup;
			children = (
				6AEC61381821D17600B6DB37 /* Base */,
				133D3221195BE10D00E0D7C8 /* ko */,
				577A222F19EE5F0500C7A0B2 /* ur */,
			);
			name = Main_iPhone.storyboard;
			sourceTree = "<group>";
		};
		6AEC613A1821D17600B6DB37 /* Main_iPad.storyboard */ = {
			isa = PBXVariantGroup;
			children = (
				6AEC613B1821D17600B6DB37 /* Base */,
				133D3222195BE10D00E0D7C8 /* ko */,
				577A223019EE5F0500C7A0B2 /* ur */,
			);
			name = Main_iPad.storyboard;
			sourceTree = "<group>";
		};
		6AEC61501821D17600B6DB37 /* InfoPlist.strings */ = {
			isa = PBXVariantGroup;
			children = (
				6AEC61511821D17600B6DB37 /* en */,
				133D3225195BE10D00E0D7C8 /* ko */,
				577A223319EE5F0600C7A0B2 /* ur */,
			);
			name = InfoPlist.strings;
			sourceTree = "<group>";
		};
		6AEC61841821FBF800B6DB37 /* CTFeedbackLocalizable.strings */ = {
			isa = PBXVariantGroup;
			children = (
				6AEC61851821FBF800B6DB37 /* Base */,
				6A3F554B1821FC2000217253 /* en */,
				6A3F555618233AFA00217253 /* ja */,
				6A3F55591825B2FA00217253 /* ru */,
				D16DCD50183C8D300025189E /* zh-Hans */,
				6AEE428F189A10FB009C0138 /* zh-Hant */,
				788BC1F218AF8A8E0071B37C /* de */,
				133D3223195BE10D00E0D7C8 /* ko */,
				577A223119EE5F0500C7A0B2 /* ur */,
				EF0827E71A39E87300A6BDE3 /* bs */,
				EF0827E81A39E8C700A6BDE3 /* hr-HR */,
				EF0827E91A39E97700A6BDE3 /* sr */,
				3DF043C01B7D2C1F00DF6316 /* da */,
			);
			name = CTFeedbackLocalizable.strings;
			sourceTree = "<group>";
		};
/* End PBXVariantGroup section */

/* Begin XCBuildConfiguration section */
		6AEC61551821D17600B6DB37 /* Debug */ = {
			isa = XCBuildConfiguration;
			buildSettings = {
				ALWAYS_SEARCH_USER_PATHS = NO;
				ARCHS = "$(ARCHS_STANDARD_INCLUDING_64_BIT)";
				CLANG_CXX_LANGUAGE_STANDARD = "gnu++0x";
				CLANG_CXX_LIBRARY = "libc++";
				CLANG_ENABLE_MODULES = YES;
				CLANG_ENABLE_OBJC_ARC = YES;
				CLANG_WARN_BOOL_CONVERSION = YES;
				CLANG_WARN_CONSTANT_CONVERSION = YES;
				CLANG_WARN_DIRECT_OBJC_ISA_USAGE = YES_ERROR;
				CLANG_WARN_EMPTY_BODY = YES;
				CLANG_WARN_ENUM_CONVERSION = YES;
				CLANG_WARN_INT_CONVERSION = YES;
				CLANG_WARN_OBJC_ROOT_CLASS = YES_ERROR;
				CLANG_WARN__DUPLICATE_METHOD_MATCH = YES;
				"CODE_SIGN_IDENTITY[sdk=iphoneos*]" = "iPhone Developer";
				COPY_PHASE_STRIP = NO;
				GCC_C_LANGUAGE_STANDARD = gnu99;
				GCC_DYNAMIC_NO_PIC = NO;
				GCC_OPTIMIZATION_LEVEL = 0;
				GCC_PREPROCESSOR_DEFINITIONS = (
					"DEBUG=1",
					"$(inherited)",
				);
				GCC_SYMBOLS_PRIVATE_EXTERN = NO;
				GCC_WARN_64_TO_32_BIT_CONVERSION = YES;
				GCC_WARN_ABOUT_RETURN_TYPE = YES_ERROR;
				GCC_WARN_UNDECLARED_SELECTOR = YES;
				GCC_WARN_UNINITIALIZED_AUTOS = YES;
				GCC_WARN_UNUSED_FUNCTION = YES;
				GCC_WARN_UNUSED_VARIABLE = YES;
				IPHONEOS_DEPLOYMENT_TARGET = 6.0;
				ONLY_ACTIVE_ARCH = YES;
				SDKROOT = iphoneos;
				TARGETED_DEVICE_FAMILY = "1,2";
			};
			name = Debug;
		};
		6AEC61561821D17600B6DB37 /* Release */ = {
			isa = XCBuildConfiguration;
			buildSettings = {
				ALWAYS_SEARCH_USER_PATHS = NO;
				ARCHS = "$(ARCHS_STANDARD_INCLUDING_64_BIT)";
				CLANG_CXX_LANGUAGE_STANDARD = "gnu++0x";
				CLANG_CXX_LIBRARY = "libc++";
				CLANG_ENABLE_MODULES = YES;
				CLANG_ENABLE_OBJC_ARC = YES;
				CLANG_WARN_BOOL_CONVERSION = YES;
				CLANG_WARN_CONSTANT_CONVERSION = YES;
				CLANG_WARN_DIRECT_OBJC_ISA_USAGE = YES_ERROR;
				CLANG_WARN_EMPTY_BODY = YES;
				CLANG_WARN_ENUM_CONVERSION = YES;
				CLANG_WARN_INT_CONVERSION = YES;
				CLANG_WARN_OBJC_ROOT_CLASS = YES_ERROR;
				CLANG_WARN__DUPLICATE_METHOD_MATCH = YES;
				"CODE_SIGN_IDENTITY[sdk=iphoneos*]" = "iPhone Developer";
				COPY_PHASE_STRIP = YES;
				ENABLE_NS_ASSERTIONS = NO;
				GCC_C_LANGUAGE_STANDARD = gnu99;
				GCC_WARN_64_TO_32_BIT_CONVERSION = YES;
				GCC_WARN_ABOUT_RETURN_TYPE = YES_ERROR;
				GCC_WARN_UNDECLARED_SELECTOR = YES;
				GCC_WARN_UNINITIALIZED_AUTOS = YES;
				GCC_WARN_UNUSED_FUNCTION = YES;
				GCC_WARN_UNUSED_VARIABLE = YES;
				IPHONEOS_DEPLOYMENT_TARGET = 6.0;
				SDKROOT = iphoneos;
				TARGETED_DEVICE_FAMILY = "1,2";
				VALIDATE_PRODUCT = YES;
			};
			name = Release;
		};
		6AEC61581821D17600B6DB37 /* Debug */ = {
			isa = XCBuildConfiguration;
			buildSettings = {
				ASSETCATALOG_COMPILER_APPICON_NAME = AppIcon;
				ASSETCATALOG_COMPILER_LAUNCHIMAGE_NAME = LaunchImage;
				GCC_PRECOMPILE_PREFIX_HEADER = YES;
				GCC_PREFIX_HEADER = "CTFeedbackDemo/CTFeedbackDemo-Prefix.pch";
				INFOPLIST_FILE = "CTFeedbackDemo/CTFeedbackDemo-Info.plist";
				PRODUCT_NAME = "$(TARGET_NAME)";
				WRAPPER_EXTENSION = app;
			};
			name = Debug;
		};
		6AEC61591821D17600B6DB37 /* Release */ = {
			isa = XCBuildConfiguration;
			buildSettings = {
				ASSETCATALOG_COMPILER_APPICON_NAME = AppIcon;
				ASSETCATALOG_COMPILER_LAUNCHIMAGE_NAME = LaunchImage;
				GCC_PRECOMPILE_PREFIX_HEADER = YES;
				GCC_PREFIX_HEADER = "CTFeedbackDemo/CTFeedbackDemo-Prefix.pch";
				INFOPLIST_FILE = "CTFeedbackDemo/CTFeedbackDemo-Info.plist";
				PRODUCT_NAME = "$(TARGET_NAME)";
				WRAPPER_EXTENSION = app;
			};
			name = Release;
		};
		6AEC615B1821D17600B6DB37 /* Debug */ = {
			isa = XCBuildConfiguration;
			buildSettings = {
				ARCHS = "$(ARCHS_STANDARD_INCLUDING_64_BIT)";
				BUNDLE_LOADER = "$(BUILT_PRODUCTS_DIR)/CTFeedbackDemo.app/CTFeedbackDemo";
				FRAMEWORK_SEARCH_PATHS = (
					"$(SDKROOT)/Developer/Library/Frameworks",
					"$(inherited)",
					"$(DEVELOPER_FRAMEWORKS_DIR)",
				);
				GCC_PRECOMPILE_PREFIX_HEADER = YES;
				GCC_PREFIX_HEADER = "CTFeedbackDemo/CTFeedbackDemo-Prefix.pch";
				GCC_PREPROCESSOR_DEFINITIONS = (
					"DEBUG=1",
					"$(inherited)",
				);
				INFOPLIST_FILE = "CTFeedbackDemoTests/CTFeedbackDemoTests-Info.plist";
				PRODUCT_NAME = "$(TARGET_NAME)";
				TEST_HOST = "$(BUNDLE_LOADER)";
				WRAPPER_EXTENSION = xctest;
			};
			name = Debug;
		};
		6AEC615C1821D17600B6DB37 /* Release */ = {
			isa = XCBuildConfiguration;
			buildSettings = {
				ARCHS = "$(ARCHS_STANDARD_INCLUDING_64_BIT)";
				BUNDLE_LOADER = "$(BUILT_PRODUCTS_DIR)/CTFeedbackDemo.app/CTFeedbackDemo";
				FRAMEWORK_SEARCH_PATHS = (
					"$(SDKROOT)/Developer/Library/Frameworks",
					"$(inherited)",
					"$(DEVELOPER_FRAMEWORKS_DIR)",
				);
				GCC_PRECOMPILE_PREFIX_HEADER = YES;
				GCC_PREFIX_HEADER = "CTFeedbackDemo/CTFeedbackDemo-Prefix.pch";
				INFOPLIST_FILE = "CTFeedbackDemoTests/CTFeedbackDemoTests-Info.plist";
				PRODUCT_NAME = "$(TARGET_NAME)";
				TEST_HOST = "$(BUNDLE_LOADER)";
				WRAPPER_EXTENSION = xctest;
			};
			name = Release;
		};
/* End XCBuildConfiguration section */

/* Begin XCConfigurationList section */
		6AEC611D1821D17600B6DB37 /* Build configuration list for PBXProject "CTFeedbackDemo" */ = {
			isa = XCConfigurationList;
			buildConfigurations = (
				6AEC61551821D17600B6DB37 /* Debug */,
				6AEC61561821D17600B6DB37 /* Release */,
			);
			defaultConfigurationIsVisible = 0;
			defaultConfigurationName = Release;
		};
		6AEC61571821D17600B6DB37 /* Build configuration list for PBXNativeTarget "CTFeedbackDemo" */ = {
			isa = XCConfigurationList;
			buildConfigurations = (
				6AEC61581821D17600B6DB37 /* Debug */,
				6AEC61591821D17600B6DB37 /* Release */,
			);
			defaultConfigurationIsVisible = 0;
			defaultConfigurationName = Release;
		};
		6AEC615A1821D17600B6DB37 /* Build configuration list for PBXNativeTarget "CTFeedbackDemoTests" */ = {
			isa = XCConfigurationList;
			buildConfigurations = (
				6AEC615B1821D17600B6DB37 /* Debug */,
				6AEC615C1821D17600B6DB37 /* Release */,
			);
			defaultConfigurationIsVisible = 0;
			defaultConfigurationName = Release;
		};
/* End XCConfigurationList section */
	};
	rootObject = 6AEC611A1821D17600B6DB37 /* Project object */;
}
